// !$*UTF8*$!
{
	archiveVersion = 1;
	classes = {
	};
	objectVersion = 55;
	objects = {

/* Begin PBXBuildFile section */
		A3156E7C273FBAC600147B95 /* Tests_iOS.swift in Sources */ = {isa = PBXBuildFile; fileRef = A3156E7B273FBAC600147B95 /* Tests_iOS.swift */; };
		A3156E7E273FBAC600147B95 /* Tests_iOSLaunchTests.swift in Sources */ = {isa = PBXBuildFile; fileRef = A3156E7D273FBAC600147B95 /* Tests_iOSLaunchTests.swift */; };
		A3156E88273FBAC600147B95 /* Tests_macOS.swift in Sources */ = {isa = PBXBuildFile; fileRef = A3156E87273FBAC600147B95 /* Tests_macOS.swift */; };
		A3156E8A273FBAC600147B95 /* Tests_macOSLaunchTests.swift in Sources */ = {isa = PBXBuildFile; fileRef = A3156E89273FBAC600147B95 /* Tests_macOSLaunchTests.swift */; };
		A3156E8B273FBAC600147B95 /* CocktailAppApp.swift in Sources */ = {isa = PBXBuildFile; fileRef = A3156E63273FBAC400147B95 /* CocktailAppApp.swift */; };
		A3156E8C273FBAC600147B95 /* CocktailAppApp.swift in Sources */ = {isa = PBXBuildFile; fileRef = A3156E63273FBAC400147B95 /* CocktailAppApp.swift */; };
		A3156E8D273FBAC600147B95 /* ContentView.swift in Sources */ = {isa = PBXBuildFile; fileRef = A3156E64273FBAC400147B95 /* ContentView.swift */; };
		A3156E8E273FBAC600147B95 /* ContentView.swift in Sources */ = {isa = PBXBuildFile; fileRef = A3156E64273FBAC400147B95 /* ContentView.swift */; };
		A3156E8F273FBAC600147B95 /* Assets.xcassets in Resources */ = {isa = PBXBuildFile; fileRef = A3156E65273FBAC600147B95 /* Assets.xcassets */; };
		A3156E90273FBAC600147B95 /* Assets.xcassets in Resources */ = {isa = PBXBuildFile; fileRef = A3156E65273FBAC600147B95 /* Assets.xcassets */; };
/* End PBXBuildFile section */

/* Begin PBXContainerItemProxy section */
		A3156E78273FBAC600147B95 /* PBXContainerItemProxy */ = {
			isa = PBXContainerItemProxy;
			containerPortal = A3156E5E273FBAC400147B95 /* Project object */;
			proxyType = 1;
			remoteGlobalIDString = A3156E69273FBAC600147B95;
			remoteInfo = "CocktailApp (iOS)";
		};
		A3156E84273FBAC600147B95 /* PBXContainerItemProxy */ = {
			isa = PBXContainerItemProxy;
			containerPortal = A3156E5E273FBAC400147B95 /* Project object */;
			proxyType = 1;
			remoteGlobalIDString = A3156E6F273FBAC600147B95;
			remoteInfo = "CocktailApp (macOS)";
		};
/* End PBXContainerItemProxy section */

/* Begin PBXFileReference section */
		A3156E63273FBAC400147B95 /* CocktailAppApp.swift */ = {isa = PBXFileReference; lastKnownFileType = sourcecode.swift; path = CocktailAppApp.swift; sourceTree = "<group>"; };
		A3156E64273FBAC400147B95 /* ContentView.swift */ = {isa = PBXFileReference; lastKnownFileType = sourcecode.swift; path = ContentView.swift; sourceTree = "<group>"; };
		A3156E65273FBAC600147B95 /* Assets.xcassets */ = {isa = PBXFileReference; lastKnownFileType = folder.assetcatalog; path = Assets.xcassets; sourceTree = "<group>"; };
		A3156E6A273FBAC600147B95 /* CocktailApp.app */ = {isa = PBXFileReference; explicitFileType = wrapper.application; includeInIndex = 0; path = CocktailApp.app; sourceTree = BUILT_PRODUCTS_DIR; };
		A3156E70273FBAC600147B95 /* CocktailApp.app */ = {isa = PBXFileReference; explicitFileType = wrapper.application; includeInIndex = 0; path = CocktailApp.app; sourceTree = BUILT_PRODUCTS_DIR; };
		A3156E72273FBAC600147B95 /* macOS.entitlements */ = {isa = PBXFileReference; lastKnownFileType = text.plist.entitlements; path = macOS.entitlements; sourceTree = "<group>"; };
		A3156E77273FBAC600147B95 /* Tests iOS.xctest */ = {isa = PBXFileReference; explicitFileType = wrapper.cfbundle; includeInIndex = 0; path = "Tests iOS.xctest"; sourceTree = BUILT_PRODUCTS_DIR; };
		A3156E7B273FBAC600147B95 /* Tests_iOS.swift */ = {isa = PBXFileReference; lastKnownFileType = sourcecode.swift; path = Tests_iOS.swift; sourceTree = "<group>"; };
		A3156E7D273FBAC600147B95 /* Tests_iOSLaunchTests.swift */ = {isa = PBXFileReference; lastKnownFileType = sourcecode.swift; path = Tests_iOSLaunchTests.swift; sourceTree = "<group>"; };
		A3156E83273FBAC600147B95 /* Tests macOS.xctest */ = {isa = PBXFileReference; explicitFileType = wrapper.cfbundle; includeInIndex = 0; path = "Tests macOS.xctest"; sourceTree = BUILT_PRODUCTS_DIR; };
		A3156E87273FBAC600147B95 /* Tests_macOS.swift */ = {isa = PBXFileReference; lastKnownFileType = sourcecode.swift; path = Tests_macOS.swift; sourceTree = "<group>"; };
		A3156E89273FBAC600147B95 /* Tests_macOSLaunchTests.swift */ = {isa = PBXFileReference; lastKnownFileType = sourcecode.swift; path = Tests_macOSLaunchTests.swift; sourceTree = "<group>"; };
/* End PBXFileReference section */

/* Begin PBXFrameworksBuildPhase section */
		A3156E67273FBAC600147B95 /* Frameworks */ = {
			isa = PBXFrameworksBuildPhase;
			buildActionMask = 2147483647;
			files = (
			);
			runOnlyForDeploymentPostprocessing = 0;
		};
		A3156E6D273FBAC600147B95 /* Frameworks */ = {
			isa = PBXFrameworksBuildPhase;
			buildActionMask = 2147483647;
			files = (
			);
			runOnlyForDeploymentPostprocessing = 0;
		};
		A3156E74273FBAC600147B95 /* Frameworks */ = {
			isa = PBXFrameworksBuildPhase;
			buildActionMask = 2147483647;
			files = (
			);
			runOnlyForDeploymentPostprocessing = 0;
		};
		A3156E80273FBAC600147B95 /* Frameworks */ = {
			isa = PBXFrameworksBuildPhase;
			buildActionMask = 2147483647;
			files = (
			);
			runOnlyForDeploymentPostprocessing = 0;
		};
/* End PBXFrameworksBuildPhase section */

/* Begin PBXGroup section */
		A3156E5D273FBAC400147B95 = {
			isa = PBXGroup;
			children = (
				A3156E62273FBAC400147B95 /* Shared */,
				A3156E71273FBAC600147B95 /* macOS */,
				A3156E7A273FBAC600147B95 /* Tests iOS */,
				A3156E86273FBAC600147B95 /* Tests macOS */,
				A3156E6B273FBAC600147B95 /* Products */,
			);
			sourceTree = "<group>";
		};
		A3156E62273FBAC400147B95 /* Shared */ = {
			isa = PBXGroup;
			children = (
				A3156E63273FBAC400147B95 /* CocktailAppApp.swift */,
				A3156E64273FBAC400147B95 /* ContentView.swift */,
				A3156E65273FBAC600147B95 /* Assets.xcassets */,
			);
			path = Shared;
			sourceTree = "<group>";
		};
		A3156E6B273FBAC600147B95 /* Products */ = {
			isa = PBXGroup;
			children = (
				A3156E6A273FBAC600147B95 /* CocktailApp.app */,
				A3156E70273FBAC600147B95 /* CocktailApp.app */,
				A3156E77273FBAC600147B95 /* Tests iOS.xctest */,
				A3156E83273FBAC600147B95 /* Tests macOS.xctest */,
			);
			name = Products;
			sourceTree = "<group>";
		};
		A3156E71273FBAC600147B95 /* macOS */ = {
			isa = PBXGroup;
			children = (
				A3156E72273FBAC600147B95 /* macOS.entitlements */,
			);
			path = macOS;
			sourceTree = "<group>";
		};
		A3156E7A273FBAC600147B95 /* Tests iOS */ = {
			isa = PBXGroup;
			children = (
				A3156E7B273FBAC600147B95 /* Tests_iOS.swift */,
				A3156E7D273FBAC600147B95 /* Tests_iOSLaunchTests.swift */,
			);
			path = "Tests iOS";
			sourceTree = "<group>";
		};
		A3156E86273FBAC600147B95 /* Tests macOS */ = {
			isa = PBXGroup;
			children = (
				A3156E87273FBAC600147B95 /* Tests_macOS.swift */,
				A3156E89273FBAC600147B95 /* Tests_macOSLaunchTests.swift */,
			);
			path = "Tests macOS";
			sourceTree = "<group>";
		};
/* End PBXGroup section */

/* Begin PBXNativeTarget section */
		A3156E69273FBAC600147B95 /* CocktailApp (iOS) */ = {
			isa = PBXNativeTarget;
			buildConfigurationList = A3156E93273FBAC600147B95 /* Build configuration list for PBXNativeTarget "CocktailApp (iOS)" */;
			buildPhases = (
				A3156E66273FBAC600147B95 /* Sources */,
				A3156E67273FBAC600147B95 /* Frameworks */,
				A3156E68273FBAC600147B95 /* Resources */,
			);
			buildRules = (
			);
			dependencies = (
			);
			name = "CocktailApp (iOS)";
			productName = "CocktailApp (iOS)";
			productReference = A3156E6A273FBAC600147B95 /* CocktailApp.app */;
			productType = "com.apple.product-type.application";
		};
		A3156E6F273FBAC600147B95 /* CocktailApp (macOS) */ = {
			isa = PBXNativeTarget;
			buildConfigurationList = A3156E96273FBAC600147B95 /* Build configuration list for PBXNativeTarget "CocktailApp (macOS)" */;
			buildPhases = (
				A3156E6C273FBAC600147B95 /* Sources */,
				A3156E6D273FBAC600147B95 /* Frameworks */,
				A3156E6E273FBAC600147B95 /* Resources */,
			);
			buildRules = (
			);
			dependencies = (
			);
			name = "CocktailApp (macOS)";
			productName = "CocktailApp (macOS)";
			productReference = A3156E70273FBAC600147B95 /* CocktailApp.app */;
			productType = "com.apple.product-type.application";
		};
		A3156E76273FBAC600147B95 /* Tests iOS */ = {
			isa = PBXNativeTarget;
			buildConfigurationList = A3156E99273FBAC600147B95 /* Build configuration list for PBXNativeTarget "Tests iOS" */;
			buildPhases = (
				A3156E73273FBAC600147B95 /* Sources */,
				A3156E74273FBAC600147B95 /* Frameworks */,
				A3156E75273FBAC600147B95 /* Resources */,
			);
			buildRules = (
			);
			dependencies = (
				A3156E79273FBAC600147B95 /* PBXTargetDependency */,
			);
			name = "Tests iOS";
			productName = "Tests iOS";
			productReference = A3156E77273FBAC600147B95 /* Tests iOS.xctest */;
			productType = "com.apple.product-type.bundle.ui-testing";
		};
		A3156E82273FBAC600147B95 /* Tests macOS */ = {
			isa = PBXNativeTarget;
			buildConfigurationList = A3156E9C273FBAC600147B95 /* Build configuration list for PBXNativeTarget "Tests macOS" */;
			buildPhases = (
				A3156E7F273FBAC600147B95 /* Sources */,
				A3156E80273FBAC600147B95 /* Frameworks */,
				A3156E81273FBAC600147B95 /* Resources */,
			);
			buildRules = (
			);
			dependencies = (
				A3156E85273FBAC600147B95 /* PBXTargetDependency */,
			);
			name = "Tests macOS";
			productName = "Tests macOS";
			productReference = A3156E83273FBAC600147B95 /* Tests macOS.xctest */;
			productType = "com.apple.product-type.bundle.ui-testing";
		};
/* End PBXNativeTarget section */

/* Begin PBXProject section */
		A3156E5E273FBAC400147B95 /* Project object */ = {
			isa = PBXProject;
			attributes = {
				BuildIndependentTargetsInParallel = 1;
				LastSwiftUpdateCheck = 1310;
				LastUpgradeCheck = 1310;
				TargetAttributes = {
					A3156E69273FBAC600147B95 = {
						CreatedOnToolsVersion = 13.1;
					};
					A3156E6F273FBAC600147B95 = {
						CreatedOnToolsVersion = 13.1;
					};
					A3156E76273FBAC600147B95 = {
						CreatedOnToolsVersion = 13.1;
						TestTargetID = A3156E69273FBAC600147B95;
					};
					A3156E82273FBAC600147B95 = {
						CreatedOnToolsVersion = 13.1;
						TestTargetID = A3156E6F273FBAC600147B95;
					};
				};
			};
			buildConfigurationList = A3156E61273FBAC400147B95 /* Build configuration list for PBXProject "CocktailApp" */;
			compatibilityVersion = "Xcode 13.0";
			developmentRegion = en;
			hasScannedForEncodings = 0;
			knownRegions = (
				en,
				Base,
			);
			mainGroup = A3156E5D273FBAC400147B95;
			productRefGroup = A3156E6B273FBAC600147B95 /* Products */;
			projectDirPath = "";
			projectRoot = "";
			targets = (
				A3156E69273FBAC600147B95 /* CocktailApp (iOS) */,
				A3156E6F273FBAC600147B95 /* CocktailApp (macOS) */,
				A3156E76273FBAC600147B95 /* Tests iOS */,
				A3156E82273FBAC600147B95 /* Tests macOS */,
			);
		};
/* End PBXProject section */

/* Begin PBXResourcesBuildPhase section */
		A3156E68273FBAC600147B95 /* Resources */ = {
			isa = PBXResourcesBuildPhase;
			buildActionMask = 2147483647;
			files = (
				A3156E8F273FBAC600147B95 /* Assets.xcassets in Resources */,
			);
			runOnlyForDeploymentPostprocessing = 0;
		};
		A3156E6E273FBAC600147B95 /* Resources */ = {
			isa = PBXResourcesBuildPhase;
			buildActionMask = 2147483647;
			files = (
				A3156E90273FBAC600147B95 /* Assets.xcassets in Resources */,
			);
			runOnlyForDeploymentPostprocessing = 0;
		};
		A3156E75273FBAC600147B95 /* Resources */ = {
			isa = PBXResourcesBuildPhase;
			buildActionMask = 2147483647;
			files = (
			);
			runOnlyForDeploymentPostprocessing = 0;
		};
		A3156E81273FBAC600147B95 /* Resources */ = {
			isa = PBXResourcesBuildPhase;
			buildActionMask = 2147483647;
			files = (
			);
			runOnlyForDeploymentPostprocessing = 0;
		};
/* End PBXResourcesBuildPhase section */

/* Begin PBXSourcesBuildPhase section */
		A3156E66273FBAC600147B95 /* Sources */ = {
			isa = PBXSourcesBuildPhase;
			buildActionMask = 2147483647;
			files = (
				A3156E8D273FBAC600147B95 /* ContentView.swift in Sources */,
				A3156E8B273FBAC600147B95 /* CocktailAppApp.swift in Sources */,
			);
			runOnlyForDeploymentPostprocessing = 0;
		};
		A3156E6C273FBAC600147B95 /* Sources */ = {
			isa = PBXSourcesBuildPhase;
			buildActionMask = 2147483647;
			files = (
				A3156E8E273FBAC600147B95 /* ContentView.swift in Sources */,
				A3156E8C273FBAC600147B95 /* CocktailAppApp.swift in Sources */,
			);
			runOnlyForDeploymentPostprocessing = 0;
		};
		A3156E73273FBAC600147B95 /* Sources */ = {
			isa = PBXSourcesBuildPhase;
			buildActionMask = 2147483647;
			files = (
				A3156E7E273FBAC600147B95 /* Tests_iOSLaunchTests.swift in Sources */,
				A3156E7C273FBAC600147B95 /* Tests_iOS.swift in Sources */,
			);
			runOnlyForDeploymentPostprocessing = 0;
		};
		A3156E7F273FBAC600147B95 /* Sources */ = {
			isa = PBXSourcesBuildPhase;
			buildActionMask = 2147483647;
			files = (
				A3156E8A273FBAC600147B95 /* Tests_macOSLaunchTests.swift in Sources */,
				A3156E88273FBAC600147B95 /* Tests_macOS.swift in Sources */,
			);
			runOnlyForDeploymentPostprocessing = 0;
		};
/* End PBXSourcesBuildPhase section */

/* Begin PBXTargetDependency section */
		A3156E79273FBAC600147B95 /* PBXTargetDependency */ = {
			isa = PBXTargetDependency;
			target = A3156E69273FBAC600147B95 /* CocktailApp (iOS) */;
			targetProxy = A3156E78273FBAC600147B95 /* PBXContainerItemProxy */;
		};
		A3156E85273FBAC600147B95 /* PBXTargetDependency */ = {
			isa = PBXTargetDependency;
			target = A3156E6F273FBAC600147B95 /* CocktailApp (macOS) */;
			targetProxy = A3156E84273FBAC600147B95 /* PBXContainerItemProxy */;
		};
/* End PBXTargetDependency section */

/* Begin XCBuildConfiguration section */
		A3156E91273FBAC600147B95 /* Debug */ = {
			isa = XCBuildConfiguration;
			buildSettings = {
				ALWAYS_SEARCH_USER_PATHS = NO;
				CLANG_ANALYZER_NONNULL = YES;
				CLANG_ANALYZER_NUMBER_OBJECT_CONVERSION = YES_AGGRESSIVE;
				CLANG_CXX_LANGUAGE_STANDARD = "gnu++17";
				CLANG_CXX_LIBRARY = "libc++";
				CLANG_ENABLE_MODULES = YES;
				CLANG_ENABLE_OBJC_ARC = YES;
				CLANG_ENABLE_OBJC_WEAK = YES;
				CLANG_WARN_BLOCK_CAPTURE_AUTORELEASING = YES;
				CLANG_WARN_BOOL_CONVERSION = YES;
				CLANG_WARN_COMMA = YES;
				CLANG_WARN_CONSTANT_CONVERSION = YES;
				CLANG_WARN_DEPRECATED_OBJC_IMPLEMENTATIONS = YES;
				CLANG_WARN_DIRECT_OBJC_ISA_USAGE = YES_ERROR;
				CLANG_WARN_DOCUMENTATION_COMMENTS = YES;
				CLANG_WARN_EMPTY_BODY = YES;
				CLANG_WARN_ENUM_CONVERSION = YES;
				CLANG_WARN_INFINITE_RECURSION = YES;
				CLANG_WARN_INT_CONVERSION = YES;
				CLANG_WARN_NON_LITERAL_NULL_CONVERSION = YES;
				CLANG_WARN_OBJC_IMPLICIT_RETAIN_SELF = YES;
				CLANG_WARN_OBJC_LITERAL_CONVERSION = YES;
				CLANG_WARN_OBJC_ROOT_CLASS = YES_ERROR;
				CLANG_WARN_QUOTED_INCLUDE_IN_FRAMEWORK_HEADER = YES;
				CLANG_WARN_RANGE_LOOP_ANALYSIS = YES;
				CLANG_WARN_STRICT_PROTOTYPES = YES;
				CLANG_WARN_SUSPICIOUS_MOVE = YES;
				CLANG_WARN_UNGUARDED_AVAILABILITY = YES_AGGRESSIVE;
				CLANG_WARN_UNREACHABLE_CODE = YES;
				CLANG_WARN__DUPLICATE_METHOD_MATCH = YES;
				COPY_PHASE_STRIP = NO;
				DEBUG_INFORMATION_FORMAT = dwarf;
				ENABLE_STRICT_OBJC_MSGSEND = YES;
				ENABLE_TESTABILITY = YES;
				GCC_C_LANGUAGE_STANDARD = gnu11;
				GCC_DYNAMIC_NO_PIC = NO;
				GCC_NO_COMMON_BLOCKS = YES;
				GCC_OPTIMIZATION_LEVEL = 0;
				GCC_PREPROCESSOR_DEFINITIONS = (
					"DEBUG=1",
					"$(inherited)",
				);
				GCC_WARN_64_TO_32_BIT_CONVERSION = YES;
				GCC_WARN_ABOUT_RETURN_TYPE = YES_ERROR;
				GCC_WARN_UNDECLARED_SELECTOR = YES;
				GCC_WARN_UNINITIALIZED_AUTOS = YES_AGGRESSIVE;
				GCC_WARN_UNUSED_FUNCTION = YES;
				GCC_WARN_UNUSED_VARIABLE = YES;
				MTL_ENABLE_DEBUG_INFO = INCLUDE_SOURCE;
				MTL_FAST_MATH = YES;
				ONLY_ACTIVE_ARCH = YES;
				SWIFT_ACTIVE_COMPILATION_CONDITIONS = DEBUG;
				SWIFT_OPTIMIZATION_LEVEL = "-Onone";
			};
			name = Debug;
		};
		A3156E92273FBAC600147B95 /* Release */ = {
			isa = XCBuildConfiguration;
			buildSettings = {
				ALWAYS_SEARCH_USER_PATHS = NO;
				CLANG_ANALYZER_NONNULL = YES;
				CLANG_ANALYZER_NUMBER_OBJECT_CONVERSION = YES_AGGRESSIVE;
				CLANG_CXX_LANGUAGE_STANDARD = "gnu++17";
				CLANG_CXX_LIBRARY = "libc++";
				CLANG_ENABLE_MODULES = YES;
				CLANG_ENABLE_OBJC_ARC = YES;
				CLANG_ENABLE_OBJC_WEAK = YES;
				CLANG_WARN_BLOCK_CAPTURE_AUTORELEASING = YES;
				CLANG_WARN_BOOL_CONVERSION = YES;
				CLANG_WARN_COMMA = YES;
				CLANG_WARN_CONSTANT_CONVERSION = YES;
				CLANG_WARN_DEPRECATED_OBJC_IMPLEMENTATIONS = YES;
				CLANG_WARN_DIRECT_OBJC_ISA_USAGE = YES_ERROR;
				CLANG_WARN_DOCUMENTATION_COMMENTS = YES;
				CLANG_WARN_EMPTY_BODY = YES;
				CLANG_WARN_ENUM_CONVERSION = YES;
				CLANG_WARN_INFINITE_RECURSION = YES;
				CLANG_WARN_INT_CONVERSION = YES;
				CLANG_WARN_NON_LITERAL_NULL_CONVERSION = YES;
				CLANG_WARN_OBJC_IMPLICIT_RETAIN_SELF = YES;
				CLANG_WARN_OBJC_LITERAL_CONVERSION = YES;
				CLANG_WARN_OBJC_ROOT_CLASS = YES_ERROR;
				CLANG_WARN_QUOTED_INCLUDE_IN_FRAMEWORK_HEADER = YES;
				CLANG_WARN_RANGE_LOOP_ANALYSIS = YES;
				CLANG_WARN_STRICT_PROTOTYPES = YES;
				CLANG_WARN_SUSPICIOUS_MOVE = YES;
				CLANG_WARN_UNGUARDED_AVAILABILITY = YES_AGGRESSIVE;
				CLANG_WARN_UNREACHABLE_CODE = YES;
				CLANG_WARN__DUPLICATE_METHOD_MATCH = YES;
				COPY_PHASE_STRIP = NO;
				DEBUG_INFORMATION_FORMAT = "dwarf-with-dsym";
				ENABLE_NS_ASSERTIONS = NO;
				ENABLE_STRICT_OBJC_MSGSEND = YES;
				GCC_C_LANGUAGE_STANDARD = gnu11;
				GCC_NO_COMMON_BLOCKS = YES;
				GCC_WARN_64_TO_32_BIT_CONVERSION = YES;
				GCC_WARN_ABOUT_RETURN_TYPE = YES_ERROR;
				GCC_WARN_UNDECLARED_SELECTOR = YES;
				GCC_WARN_UNINITIALIZED_AUTOS = YES_AGGRESSIVE;
				GCC_WARN_UNUSED_FUNCTION = YES;
				GCC_WARN_UNUSED_VARIABLE = YES;
				MTL_ENABLE_DEBUG_INFO = NO;
				MTL_FAST_MATH = YES;
				SWIFT_COMPILATION_MODE = wholemodule;
				SWIFT_OPTIMIZATION_LEVEL = "-O";
			};
			name = Release;
		};
		A3156E94273FBAC600147B95 /* Debug */ = {
			isa = XCBuildConfiguration;
			buildSettings = {
				ASSETCATALOG_COMPILER_APPICON_NAME = AppIcon;
				ASSETCATALOG_COMPILER_GLOBAL_ACCENT_COLOR_NAME = AccentColor;
				CODE_SIGN_STYLE = Automatic;
				CURRENT_PROJECT_VERSION = 1;
				DEVELOPMENT_TEAM = BENH958VPA;
				ENABLE_PREVIEWS = YES;
				GENERATE_INFOPLIST_FILE = YES;
				INFOPLIST_KEY_UIApplicationSceneManifest_Generation = YES;
				INFOPLIST_KEY_UIApplicationSupportsIndirectInputEvents = YES;
				INFOPLIST_KEY_UILaunchScreen_Generation = YES;
				INFOPLIST_KEY_UISupportedInterfaceOrientations_iPad = "UIInterfaceOrientationPortrait UIInterfaceOrientationPortraitUpsideDown UIInterfaceOrientationLandscapeLeft UIInterfaceOrientationLandscapeRight";
				INFOPLIST_KEY_UISupportedInterfaceOrientations_iPhone = "UIInterfaceOrientationPortrait UIInterfaceOrientationLandscapeLeft UIInterfaceOrientationLandscapeRight";
				IPHONEOS_DEPLOYMENT_TARGET = 15.0;
				LD_RUNPATH_SEARCH_PATHS = (
					"$(inherited)",
					"@executable_path/Frameworks",
				);
				MARKETING_VERSION = 1.0;
				PRODUCT_BUNDLE_IDENTIFIER = com.glaglasven.CocktailApp;
				PRODUCT_NAME = CocktailApp;
				SDKROOT = iphoneos;
				SWIFT_EMIT_LOC_STRINGS = YES;
				SWIFT_VERSION = 5.0;
				TARGETED_DEVICE_FAMILY = "1,2";
			};
			name = Debug;
		};
		A3156E95273FBAC600147B95 /* Release */ = {
			isa = XCBuildConfiguration;
			buildSettings = {
				ASSETCATALOG_COMPILER_APPICON_NAME = AppIcon;
				ASSETCATALOG_COMPILER_GLOBAL_ACCENT_COLOR_NAME = AccentColor;
				CODE_SIGN_STYLE = Automatic;
				CURRENT_PROJECT_VERSION = 1;
				DEVELOPMENT_TEAM = BENH958VPA;
				ENABLE_PREVIEWS = YES;
				GENERATE_INFOPLIST_FILE = YES;
				INFOPLIST_KEY_UIApplicationSceneManifest_Generation = YES;
				INFOPLIST_KEY_UIApplicationSupportsIndirectInputEvents = YES;
				INFOPLIST_KEY_UILaunchScreen_Generation = YES;
				INFOPLIST_KEY_UISupportedInterfaceOrientations_iPad = "UIInterfaceOrientationPortrait UIInterfaceOrientationPortraitUpsideDown UIInterfaceOrientationLandscapeLeft UIInterfaceOrientationLandscapeRight";
				INFOPLIST_KEY_UISupportedInterfaceOrientations_iPhone = "UIInterfaceOrientationPortrait UIInterfaceOrientationLandscapeLeft UIInterfaceOrientationLandscapeRight";
				IPHONEOS_DEPLOYMENT_TARGET = 15.0;
				LD_RUNPATH_SEARCH_PATHS = (
					"$(inherited)",
					"@executable_path/Frameworks",
				);
				MARKETING_VERSION = 1.0;
				PRODUCT_BUNDLE_IDENTIFIER = com.glaglasven.CocktailApp;
				PRODUCT_NAME = CocktailApp;
				SDKROOT = iphoneos;
				SWIFT_EMIT_LOC_STRINGS = YES;
				SWIFT_VERSION = 5.0;
				TARGETED_DEVICE_FAMILY = "1,2";
				VALIDATE_PRODUCT = YES;
			};
			name = Release;
		};
		A3156E97273FBAC600147B95 /* Debug */ = {
			isa = XCBuildConfiguration;
			buildSettings = {
				ASSETCATALOG_COMPILER_APPICON_NAME = AppIcon;
				ASSETCATALOG_COMPILER_GLOBAL_ACCENT_COLOR_NAME = AccentColor;
				CODE_SIGN_ENTITLEMENTS = macOS/macOS.entitlements;
				CODE_SIGN_STYLE = Automatic;
				COMBINE_HIDPI_IMAGES = YES;
				CURRENT_PROJECT_VERSION = 1;
				DEVELOPMENT_TEAM = BENH958VPA;
				ENABLE_HARDENED_RUNTIME = YES;
				ENABLE_PREVIEWS = YES;
				GENERATE_INFOPLIST_FILE = YES;
				INFOPLIST_KEY_NSHumanReadableCopyright = "";
				LD_RUNPATH_SEARCH_PATHS = (
					"$(inherited)",
					"@executable_path/../Frameworks",
				);
				MACOSX_DEPLOYMENT_TARGET = 12.0;
				MARKETING_VERSION = 1.0;
				PRODUCT_BUNDLE_IDENTIFIER = com.glaglasven.CocktailApp;
				PRODUCT_NAME = CocktailApp;
				SDKROOT = macosx;
				SWIFT_EMIT_LOC_STRINGS = YES;
				SWIFT_VERSION = 5.0;
			};
			name = Debug;
		};
		A3156E98273FBAC600147B95 /* Release */ = {
			isa = XCBuildConfiguration;
			buildSettings = {
				ASSETCATALOG_COMPILER_APPICON_NAME = AppIcon;
				ASSETCATALOG_COMPILER_GLOBAL_ACCENT_COLOR_NAME = AccentColor;
				CODE_SIGN_ENTITLEMENTS = macOS/macOS.entitlements;
				CODE_SIGN_STYLE = Automatic;
				COMBINE_HIDPI_IMAGES = YES;
				CURRENT_PROJECT_VERSION = 1;
				DEVELOPMENT_TEAM = BENH958VPA;
				ENABLE_HARDENED_RUNTIME = YES;
				ENABLE_PREVIEWS = YES;
				GENERATE_INFOPLIST_FILE = YES;
				INFOPLIST_KEY_NSHumanReadableCopyright = "";
				LD_RUNPATH_SEARCH_PATHS = (
					"$(inherited)",
					"@executable_path/../Frameworks",
				);
				MACOSX_DEPLOYMENT_TARGET = 12.0;
				MARKETING_VERSION = 1.0;
				PRODUCT_BUNDLE_IDENTIFIER = com.glaglasven.CocktailApp;
				PRODUCT_NAME = CocktailApp;
				SDKROOT = macosx;
				SWIFT_EMIT_LOC_STRINGS = YES;
				SWIFT_VERSION = 5.0;
			};
			name = Release;
		};
		A3156E9A273FBAC600147B95 /* Debug */ = {
			isa = XCBuildConfiguration;
			buildSettings = {
				ALWAYS_EMBED_SWIFT_STANDARD_LIBRARIES = YES;
				CODE_SIGN_STYLE = Automatic;
				CURRENT_PROJECT_VERSION = 1;
				DEVELOPMENT_TEAM = BENH958VPA;
				GENERATE_INFOPLIST_FILE = YES;
				IPHONEOS_DEPLOYMENT_TARGET = 15.0;
				LD_RUNPATH_SEARCH_PATHS = (
					"$(inherited)",
					"@executable_path/Frameworks",
					"@loader_path/Frameworks",
				);
				MARKETING_VERSION = 1.0;
				PRODUCT_BUNDLE_IDENTIFIER = "com.glaglasven.Tests-iOS";
				PRODUCT_NAME = "$(TARGET_NAME)";
				SDKROOT = iphoneos;
				SWIFT_EMIT_LOC_STRINGS = NO;
				SWIFT_VERSION = 5.0;
				TARGETED_DEVICE_FAMILY = "1,2";
				TEST_TARGET_NAME = "CocktailApp (iOS)";
			};
			name = Debug;
		};
		A3156E9B273FBAC600147B95 /* Release */ = {
			isa = XCBuildConfiguration;
			buildSettings = {
				ALWAYS_EMBED_SWIFT_STANDARD_LIBRARIES = YES;
				CODE_SIGN_STYLE = Automatic;
				CURRENT_PROJECT_VERSION = 1;
				DEVELOPMENT_TEAM = BENH958VPA;
				GENERATE_INFOPLIST_FILE = YES;
				IPHONEOS_DEPLOYMENT_TARGET = 15.0;
				LD_RUNPATH_SEARCH_PATHS = (
					"$(inherited)",
					"@executable_path/Frameworks",
					"@loader_path/Frameworks",
				);
				MARKETING_VERSION = 1.0;
				PRODUCT_BUNDLE_IDENTIFIER = "com.glaglasven.Tests-iOS";
				PRODUCT_NAME = "$(TARGET_NAME)";
				SDKROOT = iphoneos;
				SWIFT_EMIT_LOC_STRINGS = NO;
				SWIFT_VERSION = 5.0;
				TARGETED_DEVICE_FAMILY = "1,2";
				TEST_TARGET_NAME = "CocktailApp (iOS)";
				VALIDATE_PRODUCT = YES;
			};
			name = Release;
		};
		A3156E9D273FBAC600147B95 /* Debug */ = {
			isa = XCBuildConfiguration;
			buildSettings = {
				ALWAYS_EMBED_SWIFT_STANDARD_LIBRARIES = YES;
				CODE_SIGN_STYLE = Automatic;
				COMBINE_HIDPI_IMAGES = YES;
				CURRENT_PROJECT_VERSION = 1;
				DEVELOPMENT_TEAM = BENH958VPA;
				GENERATE_INFOPLIST_FILE = YES;
				LD_RUNPATH_SEARCH_PATHS = (
					"$(inherited)",
					"@executable_path/../Frameworks",
					"@loader_path/../Frameworks",
				);
				MACOSX_DEPLOYMENT_TARGET = 12.0;
				MARKETING_VERSION = 1.0;
				PRODUCT_BUNDLE_IDENTIFIER = "com.glaglasven.Tests-macOS";
				PRODUCT_NAME = "$(TARGET_NAME)";
				SDKROOT = macosx;
				SWIFT_EMIT_LOC_STRINGS = NO;
				SWIFT_VERSION = 5.0;
				TEST_TARGET_NAME = "CocktailApp (macOS)";
			};
			name = Debug;
		};
		A3156E9E273FBAC600147B95 /* Release */ = {
			isa = XCBuildConfiguration;
			buildSettings = {
				ALWAYS_EMBED_SWIFT_STANDARD_LIBRARIES = YES;
				CODE_SIGN_STYLE = Automatic;
				COMBINE_HIDPI_IMAGES = YES;
				CURRENT_PROJECT_VERSION = 1;
				DEVELOPMENT_TEAM = BENH958VPA;
				GENERATE_INFOPLIST_FILE = YES;
				LD_RUNPATH_SEARCH_PATHS = (
					"$(inherited)",
					"@executable_path/../Frameworks",
					"@loader_path/../Frameworks",
				);
				MACOSX_DEPLOYMENT_TARGET = 12.0;
				MARKETING_VERSION = 1.0;
				PRODUCT_BUNDLE_IDENTIFIER = "com.glaglasven.Tests-macOS";
				PRODUCT_NAME = "$(TARGET_NAME)";
				SDKROOT = macosx;
				SWIFT_EMIT_LOC_STRINGS = NO;
				SWIFT_VERSION = 5.0;
				TEST_TARGET_NAME = "CocktailApp (macOS)";
			};
			name = Release;
		};
/* End XCBuildConfiguration section */

/* Begin XCConfigurationList section */
		A3156E61273FBAC400147B95 /* Build configuration list for PBXProject "CocktailApp" */ = {
			isa = XCConfigurationList;
			buildConfigurations = (
				A3156E91273FBAC600147B95 /* Debug */,
				A3156E92273FBAC600147B95 /* Release */,
			);
			defaultConfigurationIsVisible = 0;
			defaultConfigurationName = Release;
		};
		A3156E93273FBAC600147B95 /* Build configuration list for PBXNativeTarget "CocktailApp (iOS)" */ = {
			isa = XCConfigurationList;
			buildConfigurations = (
				A3156E94273FBAC600147B95 /* Debug */,
				A3156E95273FBAC600147B95 /* Release */,
			);
			defaultConfigurationIsVisible = 0;
			defaultConfigurationName = Release;
		};
		A3156E96273FBAC600147B95 /* Build configuration list for PBXNativeTarget "CocktailApp (macOS)" */ = {
			isa = XCConfigurationList;
			buildConfigurations = (
				A3156E97273FBAC600147B95 /* Debug */,
				A3156E98273FBAC600147B95 /* Release */,
			);
			defaultConfigurationIsVisible = 0;
			defaultConfigurationName = Release;
		};
		A3156E99273FBAC600147B95 /* Build configuration list for PBXNativeTarget "Tests iOS" */ = {
			isa = XCConfigurationList;
			buildConfigurations = (
				A3156E9A273FBAC600147B95 /* Debug */,
				A3156E9B273FBAC600147B95 /* Release */,
			);
			defaultConfigurationIsVisible = 0;
			defaultConfigurationName = Release;
		};
		A3156E9C273FBAC600147B95 /* Build configuration list for PBXNativeTarget "Tests macOS" */ = {
			isa = XCConfigurationList;
			buildConfigurations = (
				A3156E9D273FBAC600147B95 /* Debug */,
				A3156E9E273FBAC600147B95 /* Release */,
			);
			defaultConfigurationIsVisible = 0;
			defaultConfigurationName = Release;
		};
/* End XCConfigurationList section */
	};
	rootObject = A3156E5E273FBAC400147B95 /* Project object */;
}
